
Microsoft Visual Studio Solution File, Format Version 12.00
# Visual Studio Version 16
VisualStudioVersion = 16.0.31205.134
MinimumVisualStudioVersion = 10.0.40219.1
Project("{FAE04EC0-301F-11D3-BF4B-00C04F79EFBC}") = "AreaTriangulo", "AreaTriangulo\AreaTriangulo.csproj", "{550A8622-3179-4F18-B672-2953C7E5D77C}"
EndProject
Global
	GlobalSection(SolutionConfigurationPlatforms) = preSolution
		Debug|Any CPU = Debug|Any CPU
		Release|Any CPU = Release|Any CPU
	EndGlobalSection
	GlobalSection(ProjectConfigurationPlatforms) = postSolution
		{550A8622-3179-4F18-B672-2953C7E5D77C}.Debug|Any CPU.ActiveCfg = Debug|Any CPU
		{550A8622-3179-4F18-B672-2953C7E5D77C}.Debug|Any CPU.Build.0 = Debug|Any CPU
		{550A8622-3179-4F18-B672-2953C7E5D77C}.Release|Any CPU.ActiveCfg = Release|Any CPU
		{550A8622-3179-4F18-B672-2953C7E5D77C}.Release|Any CPU.Build.0 = Release|Any CPU
	EndGlobalSection
	GlobalSection(SolutionProperties) = preSolution
		HideSolutionNode = FALSE
	EndGlobalSection
	GlobalSection(ExtensibilityGlobals) = postSolution
		SolutionGuid = {A156BDFF-678E-4332-AF9D-7CDF8EBB6C10}
	EndGlobalSection
EndGlobal
